
Microsoft Visual Studio Solution File, Format Version 12.00
# Visual Studio 15
VisualStudioVersion = 15.0.28010.2041
MinimumVisualStudioVersion = 10.0.40219.1
Project("{F184B08F-C81C-45F6-A57F-5ABD9991F28F}") = "NumericHelpers", "NumericHelpers\NumericHelpers.vbproj", "{0A846A30-3A31-4B4E-9B64-EED6D4A14263}"
EndProject
Project("{2150E333-8FDC-42A3-9474-1A3956D46DE8}") = "Libraries", "Libraries", "{710B979F-410F-4FDD-8BEC-C0A66EB6D669}"
EndProject
Project("{2150E333-8FDC-42A3-9474-1A3956D46DE8}") = "UnitTest", "UnitTest", "{649ADA5D-3885-48F4-92D6-FBDC54B50A95}"
EndProject
Project("{F184B08F-C81C-45F6-A57F-5ABD9991F28F}") = "NumericArrayTestProject", "NumericArrayTestProject\NumericArrayTestProject.vbproj", "{24456711-1E7D-4872-82DC-281A84BC524A}"
EndProject
Project("{2150E333-8FDC-42A3-9474-1A3956D46DE8}") = "Solution Items", "Solution Items", "{5B797476-EFA9-46C0-8A00-E7510EE4994F}"
	ProjectSection(SolutionItems) = preProject
		readme.md = readme.md
		Pages\StringArrayConversions.md = Pages\StringArrayConversions.md
		Pages\WorkingWithString.md = Pages\WorkingWithString.md
	EndProjectSection
EndProject
Project("{F184B08F-C81C-45F6-A57F-5ABD9991F28F}") = "StringExtensions", "StringExtensions\StringExtensions.vbproj", "{B54933DD-39DE-4B3F-9264-019BF6CFEBF6}"
EndProject
Project("{2150E333-8FDC-42A3-9474-1A3956D46DE8}") = "WindowsForms", "WindowsForms", "{560158DA-C939-4137-ACCB-1E004B66F352}"
EndProject
Project("{F184B08F-C81C-45F6-A57F-5ABD9991F28F}") = "ParsingStringWindowsForms", "ParsingStringWindowsForms\ParsingStringWindowsForms.vbproj", "{8F07B15D-544C-4938-85A9-B59366B11988}"
EndProject
Project("{F184B08F-C81C-45F6-A57F-5ABD9991F28F}") = "BaseLibrary", "BaseLibrary\BaseLibrary.vbproj", "{3C54A61A-C4CA-4656-AE54-7C31C74680A0}"
EndProject
Project("{F184B08F-C81C-45F6-A57F-5ABD9991F28F}") = "ParsingAndConvertingWindowsForms", "ParsingAndConvertingWindowsForms\ParsingAndConvertingWindowsForms.vbproj", "{E7620B49-75F3-44F6-80D1-9C17949ADC27}"
EndProject
Project("{2150E333-8FDC-42A3-9474-1A3956D46DE8}") = "WPF", "WPF", "{F41DBCC3-8E57-42F4-B4F3-A51407DE2397}"
EndProject
Project("{F184B08F-C81C-45F6-A57F-5ABD9991F28F}") = "ParsingAndConvertingWPF", "ParsingAndConvertingWPF\ParsingAndConvertingWPF.vbproj", "{875589CA-722C-4B37-95AF-482BC4929293}"
EndProject
Project("{F184B08F-C81C-45F6-A57F-5ABD9991F28F}") = "AssertionOnStringsWindowsForms", "AssertionOnStringsWindowsForms\AssertionOnStringsWindowsForms.vbproj", "{631FC441-2E94-4CCE-95DA-A411F0A46009}"
EndProject
Project("{FAE04EC0-301F-11D3-BF4B-00C04F79EFBC}") = "NumericArrayLibrary", "NumericArrayLibrary\NumericArrayLibrary.csproj", "{CA8F1465-9C23-4DF8-B84D-64FB4D8272D0}"
EndProject
Global
	GlobalSection(SolutionConfigurationPlatforms) = preSolution
		Debug|Any CPU = Debug|Any CPU
		Release|Any CPU = Release|Any CPU
	EndGlobalSection
	GlobalSection(ProjectConfigurationPlatforms) = postSolution
		{0A846A30-3A31-4B4E-9B64-EED6D4A14263}.Debug|Any CPU.ActiveCfg = Debug|Any CPU
		{0A846A30-3A31-4B4E-9B64-EED6D4A14263}.Debug|Any CPU.Build.0 = Debug|Any CPU
		{0A846A30-3A31-4B4E-9B64-EED6D4A14263}.Release|Any CPU.ActiveCfg = Release|Any CPU
		{0A846A30-3A31-4B4E-9B64-EED6D4A14263}.Release|Any CPU.Build.0 = Release|Any CPU
		{24456711-1E7D-4872-82DC-281A84BC524A}.Debug|Any CPU.ActiveCfg = Debug|Any CPU
		{24456711-1E7D-4872-82DC-281A84BC524A}.Debug|Any CPU.Build.0 = Debug|Any CPU
		{24456711-1E7D-4872-82DC-281A84BC524A}.Release|Any CPU.ActiveCfg = Release|Any CPU
		{24456711-1E7D-4872-82DC-281A84BC524A}.Release|Any CPU.Build.0 = Release|Any CPU
		{B54933DD-39DE-4B3F-9264-019BF6CFEBF6}.Debug|Any CPU.ActiveCfg = Debug|Any CPU
		{B54933DD-39DE-4B3F-9264-019BF6CFEBF6}.Debug|Any CPU.Build.0 = Debug|Any CPU
		{B54933DD-39DE-4B3F-9264-019BF6CFEBF6}.Release|Any CPU.ActiveCfg = Release|Any CPU
		{B54933DD-39DE-4B3F-9264-019BF6CFEBF6}.Release|Any CPU.Build.0 = Release|Any CPU
		{8F07B15D-544C-4938-85A9-B59366B11988}.Debug|Any CPU.ActiveCfg = Debug|Any CPU
		{8F07B15D-544C-4938-85A9-B59366B11988}.Debug|Any CPU.Build.0 = Debug|Any CPU
		{8F07B15D-544C-4938-85A9-B59366B11988}.Release|Any CPU.ActiveCfg = Release|Any CPU
		{8F07B15D-544C-4938-85A9-B59366B11988}.Release|Any CPU.Build.0 = Release|Any CPU
		{3C54A61A-C4CA-4656-AE54-7C31C74680A0}.Debug|Any CPU.ActiveCfg = Debug|Any CPU
		{3C54A61A-C4CA-4656-AE54-7C31C74680A0}.Debug|Any CPU.Build.0 = Debug|Any CPU
		{3C54A61A-C4CA-4656-AE54-7C31C74680A0}.Release|Any CPU.ActiveCfg = Release|Any CPU
		{3C54A61A-C4CA-4656-AE54-7C31C74680A0}.Release|Any CPU.Build.0 = Release|Any CPU
		{E7620B49-75F3-44F6-80D1-9C17949ADC27}.Debug|Any CPU.ActiveCfg = Debug|Any CPU
		{E7620B49-75F3-44F6-80D1-9C17949ADC27}.Debug|Any CPU.Build.0 = Debug|Any CPU
		{E7620B49-75F3-44F6-80D1-9C17949ADC27}.Release|Any CPU.ActiveCfg = Release|Any CPU
		{E7620B49-75F3-44F6-80D1-9C17949ADC27}.Release|Any CPU.Build.0 = Release|Any CPU
		{875589CA-722C-4B37-95AF-482BC4929293}.Debug|Any CPU.ActiveCfg = Debug|Any CPU
		{875589CA-722C-4B37-95AF-482BC4929293}.Debug|Any CPU.Build.0 = Debug|Any CPU
		{875589CA-722C-4B37-95AF-482BC4929293}.Release|Any CPU.ActiveCfg = Release|Any CPU
		{875589CA-722C-4B37-95AF-482BC4929293}.Release|Any CPU.Build.0 = Release|Any CPU
		{631FC441-2E94-4CCE-95DA-A411F0A46009}.Debug|Any CPU.ActiveCfg = Debug|Any CPU
		{631FC441-2E94-4CCE-95DA-A411F0A46009}.Debug|Any CPU.Build.0 = Debug|Any CPU
		{631FC441-2E94-4CCE-95DA-A411F0A46009}.Release|Any CPU.ActiveCfg = Release|Any CPU
		{631FC441-2E94-4CCE-95DA-A411F0A46009}.Release|Any CPU.Build.0 = Release|Any CPU
		{CA8F1465-9C23-4DF8-B84D-64FB4D8272D0}.Debug|Any CPU.ActiveCfg = Debug|Any CPU
		{CA8F1465-9C23-4DF8-B84D-64FB4D8272D0}.Debug|Any CPU.Build.0 = Debug|Any CPU
		{CA8F1465-9C23-4DF8-B84D-64FB4D8272D0}.Release|Any CPU.ActiveCfg = Release|Any CPU
		{CA8F1465-9C23-4DF8-B84D-64FB4D8272D0}.Release|Any CPU.Build.0 = Release|Any CPU
	EndGlobalSection
	GlobalSection(SolutionProperties) = preSolution
		HideSolutionNode = FALSE
	EndGlobalSection
	GlobalSection(NestedProjects) = preSolution
		{0A846A30-3A31-4B4E-9B64-EED6D4A14263} = {710B979F-410F-4FDD-8BEC-C0A66EB6D669}
		{24456711-1E7D-4872-82DC-281A84BC524A} = {649ADA5D-3885-48F4-92D6-FBDC54B50A95}
		{B54933DD-39DE-4B3F-9264-019BF6CFEBF6} = {710B979F-410F-4FDD-8BEC-C0A66EB6D669}
		{8F07B15D-544C-4938-85A9-B59366B11988} = {560158DA-C939-4137-ACCB-1E004B66F352}
		{3C54A61A-C4CA-4656-AE54-7C31C74680A0} = {710B979F-410F-4FDD-8BEC-C0A66EB6D669}
		{E7620B49-75F3-44F6-80D1-9C17949ADC27} = {560158DA-C939-4137-ACCB-1E004B66F352}
		{875589CA-722C-4B37-95AF-482BC4929293} = {F41DBCC3-8E57-42F4-B4F3-A51407DE2397}
		{631FC441-2E94-4CCE-95DA-A411F0A46009} = {560158DA-C939-4137-ACCB-1E004B66F352}
		{CA8F1465-9C23-4DF8-B84D-64FB4D8272D0} = {710B979F-410F-4FDD-8BEC-C0A66EB6D669}
	EndGlobalSection
	GlobalSection(ExtensibilityGlobals) = postSolution
		SolutionGuid = {DCE875DE-3693-4C88-AC1E-AFCFFF19957E}
	EndGlobalSection
EndGlobal
